
Microsoft Visual Studio Solution File, Format Version 12.00
# Visual Studio 15
VisualStudioVersion = 15.0.27004.2005
MinimumVisualStudioVersion = 10.0.40219.1
Project("{FAE04EC0-301F-11D3-BF4B-00C04F79EFBC}") = "PankkitiliSovellus", "PankkitiliSovellus\PankkitiliSovellus.csproj", "{A9114CB0-6790-4BE7-B2F4-B0C8E13DF6CD}"
EndProject
Project("{FAE04EC0-301F-11D3-BF4B-00C04F79EFBC}") = "PankkitiliSovellusTests", "PankkitiliSovellusTests\PankkitiliSovellusTests.csproj", "{61E64B4F-3C4F-454C-996B-A47CE57E3BE6}"
EndProject
Global
	GlobalSection(SolutionConfigurationPlatforms) = preSolution
		Debug|Any CPU = Debug|Any CPU
		Release|Any CPU = Release|Any CPU
	EndGlobalSection
	GlobalSection(ProjectConfigurationPlatforms) = postSolution
		{A9114CB0-6790-4BE7-B2F4-B0C8E13DF6CD}.Debug|Any CPU.ActiveCfg = Debug|Any CPU
		{A9114CB0-6790-4BE7-B2F4-B0C8E13DF6CD}.Debug|Any CPU.Build.0 = Debug|Any CPU
		{A9114CB0-6790-4BE7-B2F4-B0C8E13DF6CD}.Release|Any CPU.ActiveCfg = Release|Any CPU
		{A9114CB0-6790-4BE7-B2F4-B0C8E13DF6CD}.Release|Any CPU.Build.0 = Release|Any CPU
		{61E64B4F-3C4F-454C-996B-A47CE57E3BE6}.Debug|Any CPU.ActiveCfg = Debug|Any CPU
		{61E64B4F-3C4F-454C-996B-A47CE57E3BE6}.Debug|Any CPU.Build.0 = Debug|Any CPU
		{61E64B4F-3C4F-454C-996B-A47CE57E3BE6}.Release|Any CPU.ActiveCfg = Release|Any CPU
		{61E64B4F-3C4F-454C-996B-A47CE57E3BE6}.Release|Any CPU.Build.0 = Release|Any CPU
	EndGlobalSection
	GlobalSection(SolutionProperties) = preSolution
		HideSolutionNode = FALSE
	EndGlobalSection
	GlobalSection(ExtensibilityGlobals) = postSolution
		SolutionGuid = {0E66A502-C268-418A-8465-486C4C2C5E39}
	EndGlobalSection
EndGlobal
